
Microsoft Visual Studio Solution File, Format Version 12.00
# Visual Studio Version 16
VisualStudioVersion = 16.0.30320.27
MinimumVisualStudioVersion = 10.0.40219.1
Project("{8BC9CEB8-8B4A-11D0-8D11-00A0C91BC942}") = "problem7", "problem7\problem7.vcxproj", "{E62E4A5C-C5E2-43D4-BE2D-3FC0878378A0}"
EndProject
Global
	GlobalSection(SolutionConfigurationPlatforms) = preSolution
		Debug|x64 = Debug|x64
		Debug|x86 = Debug|x86
		Release|x64 = Release|x64
		Release|x86 = Release|x86
	EndGlobalSection
	GlobalSection(ProjectConfigurationPlatforms) = postSolution
		{E62E4A5C-C5E2-43D4-BE2D-3FC0878378A0}.Debug|x64.ActiveCfg = Debug|x64
		{E62E4A5C-C5E2-43D4-BE2D-3FC0878378A0}.Debug|x64.Build.0 = Debug|x64
		{E62E4A5C-C5E2-43D4-BE2D-3FC0878378A0}.Debug|x86.ActiveCfg = Debug|Win32
		{E62E4A5C-C5E2-43D4-BE2D-3FC0878378A0}.Debug|x86.Build.0 = Debug|Win32
		{E62E4A5C-C5E2-43D4-BE2D-3FC0878378A0}.Release|x64.ActiveCfg = Release|x64
		{E62E4A5C-C5E2-43D4-BE2D-3FC0878378A0}.Release|x64.Build.0 = Release|x64
		{E62E4A5C-C5E2-43D4-BE2D-3FC0878378A0}.Release|x86.ActiveCfg = Release|Win32
		{E62E4A5C-C5E2-43D4-BE2D-3FC0878378A0}.Release|x86.Build.0 = Release|Win32
	EndGlobalSection
	GlobalSection(SolutionProperties) = preSolution
		HideSolutionNode = FALSE
	EndGlobalSection
	GlobalSection(ExtensibilityGlobals) = postSolution
		SolutionGuid = {237E35F5-17D9-4155-AABE-E3CE6F63C52E}
	EndGlobalSection
EndGlobal
